<Solution>
  <Folder Name="/Solution Items/">
    <File Path=".editorconfig" />
    <File Path="Directory.Build.props" />
    <File Path="Directory.Packages.props" />
  </Folder>
  <Folder Name="/src/">
    <Project Path="src/ArchiePaths.Clean.Abstractions/ArchiePaths.Clean.Abstractions.csproj" />
  </Folder>
</Solution>
